
Microsoft Visual Studio Solution File, Format Version 12.00
# Visual Studio Version 17
VisualStudioVersion = 17.5.33530.505
MinimumVisualStudioVersion = 10.0.40219.1
Project("{9A19103F-16F7-4668-BE54-9A1E7A4F7556}") = "WebAPI", "WebAPI.csproj", "{EF6A8171-1996-4F0B-99C3-75E73AA8ACFB}"
EndProject
Project("{2150E333-8FDC-42A3-9474-1A3956D46DE8}") = "src", "src", "{57C118FC-20C8-42C3-B45D-8761D2AE69FD}"
EndProject
Project("{FAE04EC0-301F-11D3-BF4B-00C04F79EFBC}") = "Domain", "..\Domain\Domain.csproj", "{AEB36DDC-F929-4BE2-91D4-0292C4E44C3B}"
EndProject
Project("{FAE04EC0-301F-11D3-BF4B-00C04F79EFBC}") = "Application", "..\Application\Application.csproj", "{C90282F9-01A0-4173-90A3-FF83CD6A9409}"
EndProject
Project("{FAE04EC0-301F-11D3-BF4B-00C04F79EFBC}") = "Infrastructure", "..\Infrastructure\Infrastructure.csproj", "{59DCC623-4A63-4704-82E9-FB1EA5F5BCD8}"
EndProject
Global
	GlobalSection(SolutionConfigurationPlatforms) = preSolution
		Debug|Any CPU = Debug|Any CPU
		Release|Any CPU = Release|Any CPU
	EndGlobalSection
	GlobalSection(ProjectConfigurationPlatforms) = postSolution
		{EF6A8171-1996-4F0B-99C3-75E73AA8ACFB}.Debug|Any CPU.ActiveCfg = Debug|Any CPU
		{EF6A8171-1996-4F0B-99C3-75E73AA8ACFB}.Debug|Any CPU.Build.0 = Debug|Any CPU
		{EF6A8171-1996-4F0B-99C3-75E73AA8ACFB}.Release|Any CPU.ActiveCfg = Release|Any CPU
		{EF6A8171-1996-4F0B-99C3-75E73AA8ACFB}.Release|Any CPU.Build.0 = Release|Any CPU
		{AEB36DDC-F929-4BE2-91D4-0292C4E44C3B}.Debug|Any CPU.ActiveCfg = Debug|Any CPU
		{AEB36DDC-F929-4BE2-91D4-0292C4E44C3B}.Debug|Any CPU.Build.0 = Debug|Any CPU
		{AEB36DDC-F929-4BE2-91D4-0292C4E44C3B}.Release|Any CPU.ActiveCfg = Release|Any CPU
		{AEB36DDC-F929-4BE2-91D4-0292C4E44C3B}.Release|Any CPU.Build.0 = Release|Any CPU
		{C90282F9-01A0-4173-90A3-FF83CD6A9409}.Debug|Any CPU.ActiveCfg = Debug|Any CPU
		{C90282F9-01A0-4173-90A3-FF83CD6A9409}.Debug|Any CPU.Build.0 = Debug|Any CPU
		{C90282F9-01A0-4173-90A3-FF83CD6A9409}.Release|Any CPU.ActiveCfg = Release|Any CPU
		{C90282F9-01A0-4173-90A3-FF83CD6A9409}.Release|Any CPU.Build.0 = Release|Any CPU
		{59DCC623-4A63-4704-82E9-FB1EA5F5BCD8}.Debug|Any CPU.ActiveCfg = Debug|Any CPU
		{59DCC623-4A63-4704-82E9-FB1EA5F5BCD8}.Debug|Any CPU.Build.0 = Debug|Any CPU
		{59DCC623-4A63-4704-82E9-FB1EA5F5BCD8}.Release|Any CPU.ActiveCfg = Release|Any CPU
		{59DCC623-4A63-4704-82E9-FB1EA5F5BCD8}.Release|Any CPU.Build.0 = Release|Any CPU
	EndGlobalSection
	GlobalSection(SolutionProperties) = preSolution
		HideSolutionNode = FALSE
	EndGlobalSection
	GlobalSection(NestedProjects) = preSolution
		{EF6A8171-1996-4F0B-99C3-75E73AA8ACFB} = {57C118FC-20C8-42C3-B45D-8761D2AE69FD}
		{AEB36DDC-F929-4BE2-91D4-0292C4E44C3B} = {57C118FC-20C8-42C3-B45D-8761D2AE69FD}
		{C90282F9-01A0-4173-90A3-FF83CD6A9409} = {57C118FC-20C8-42C3-B45D-8761D2AE69FD}
		{59DCC623-4A63-4704-82E9-FB1EA5F5BCD8} = {57C118FC-20C8-42C3-B45D-8761D2AE69FD}
	EndGlobalSection
	GlobalSection(ExtensibilityGlobals) = postSolution
		SolutionGuid = {05A042BC-8900-4C6E-A0D9-9AB6E5C3F016}
	EndGlobalSection
EndGlobal
